
Microsoft Visual Studio Solution File, Format Version 12.00
# Visual Studio Version 17
VisualStudioVersion = 17.0.31903.59
MinimumVisualStudioVersion = 10.0.40219.1
Project("{2150E333-8FDC-42A3-9474-1A3956D46DE8}") = "src", "src", "{827E0CD3-B72D-47B6-A68D-7590B98EB39B}"
EndProject
Project("{FAE04EC0-301F-11D3-BF4B-00C04F79EFBC}") = "UserService.Api", "src\UserService.Api\UserService.Api.csproj", "{688BFE23-AACF-4762-9AAA-A9592E5D726E}"
EndProject
Project("{FAE04EC0-301F-11D3-BF4B-00C04F79EFBC}") = "UserService.Messages", "src\UserService.Messages\UserService.Messages.csproj", "{FBE6766B-F8BE-437E-9469-2E1F4FB0C508}"
EndProject
Project("{2150E333-8FDC-42A3-9474-1A3956D46DE8}") = "tests", "tests", "{0AB3BF05-4346-4AA6-1389-037BE0695223}"
EndProject
Project("{FAE04EC0-301F-11D3-BF4B-00C04F79EFBC}") = "UserService.Api.Tests", "tests\UserService.Api.Tests\UserService.Api.Tests.csproj", "{E7A7EA4A-4A91-4370-8E52-02DE9D8520EC}"
EndProject
Project("{FAE04EC0-301F-11D3-BF4B-00C04F79EFBC}") = "UserService.Messaging", "src\UserService.Messaging\UserService.Messaging.csproj", "{9CB9E327-9161-4A89-B98B-06A89C022298}"
EndProject
Project("{FAE04EC0-301F-11D3-BF4B-00C04F79EFBC}") = "UserService.Messaging.Tests", "tests\UserService.Messaging.Tests\UserService.Messaging.Tests.csproj", "{F23E6B18-8A65-4434-A1B7-490DB91F902E}"
EndProject
Global
	GlobalSection(SolutionConfigurationPlatforms) = preSolution
		Debug|Any CPU = Debug|Any CPU
		Debug|x64 = Debug|x64
		Debug|x86 = Debug|x86
		Release|Any CPU = Release|Any CPU
		Release|x64 = Release|x64
		Release|x86 = Release|x86
	EndGlobalSection
	GlobalSection(ProjectConfigurationPlatforms) = postSolution
		{688BFE23-AACF-4762-9AAA-A9592E5D726E}.Debug|Any CPU.ActiveCfg = Debug|Any CPU
		{688BFE23-AACF-4762-9AAA-A9592E5D726E}.Debug|Any CPU.Build.0 = Debug|Any CPU
		{688BFE23-AACF-4762-9AAA-A9592E5D726E}.Debug|x64.ActiveCfg = Debug|Any CPU
		{688BFE23-AACF-4762-9AAA-A9592E5D726E}.Debug|x64.Build.0 = Debug|Any CPU
		{688BFE23-AACF-4762-9AAA-A9592E5D726E}.Debug|x86.ActiveCfg = Debug|Any CPU
		{688BFE23-AACF-4762-9AAA-A9592E5D726E}.Debug|x86.Build.0 = Debug|Any CPU
		{688BFE23-AACF-4762-9AAA-A9592E5D726E}.Release|Any CPU.ActiveCfg = Release|Any CPU
		{688BFE23-AACF-4762-9AAA-A9592E5D726E}.Release|Any CPU.Build.0 = Release|Any CPU
		{688BFE23-AACF-4762-9AAA-A9592E5D726E}.Release|x64.ActiveCfg = Release|Any CPU
		{688BFE23-AACF-4762-9AAA-A9592E5D726E}.Release|x64.Build.0 = Release|Any CPU
		{688BFE23-AACF-4762-9AAA-A9592E5D726E}.Release|x86.ActiveCfg = Release|Any CPU
		{688BFE23-AACF-4762-9AAA-A9592E5D726E}.Release|x86.Build.0 = Release|Any CPU
		{FBE6766B-F8BE-437E-9469-2E1F4FB0C508}.Debug|Any CPU.ActiveCfg = Debug|Any CPU
		{FBE6766B-F8BE-437E-9469-2E1F4FB0C508}.Debug|Any CPU.Build.0 = Debug|Any CPU
		{FBE6766B-F8BE-437E-9469-2E1F4FB0C508}.Debug|x64.ActiveCfg = Debug|Any CPU
		{FBE6766B-F8BE-437E-9469-2E1F4FB0C508}.Debug|x64.Build.0 = Debug|Any CPU
		{FBE6766B-F8BE-437E-9469-2E1F4FB0C508}.Debug|x86.ActiveCfg = Debug|Any CPU
		{FBE6766B-F8BE-437E-9469-2E1F4FB0C508}.Debug|x86.Build.0 = Debug|Any CPU
		{FBE6766B-F8BE-437E-9469-2E1F4FB0C508}.Release|Any CPU.ActiveCfg = Release|Any CPU
		{FBE6766B-F8BE-437E-9469-2E1F4FB0C508}.Release|Any CPU.Build.0 = Release|Any CPU
		{FBE6766B-F8BE-437E-9469-2E1F4FB0C508}.Release|x64.ActiveCfg = Release|Any CPU
		{FBE6766B-F8BE-437E-9469-2E1F4FB0C508}.Release|x64.Build.0 = Release|Any CPU
		{FBE6766B-F8BE-437E-9469-2E1F4FB0C508}.Release|x86.ActiveCfg = Release|Any CPU
		{FBE6766B-F8BE-437E-9469-2E1F4FB0C508}.Release|x86.Build.0 = Release|Any CPU
		{E7A7EA4A-4A91-4370-8E52-02DE9D8520EC}.Debug|Any CPU.ActiveCfg = Debug|Any CPU
		{E7A7EA4A-4A91-4370-8E52-02DE9D8520EC}.Debug|Any CPU.Build.0 = Debug|Any CPU
		{E7A7EA4A-4A91-4370-8E52-02DE9D8520EC}.Debug|x64.ActiveCfg = Debug|Any CPU
		{E7A7EA4A-4A91-4370-8E52-02DE9D8520EC}.Debug|x64.Build.0 = Debug|Any CPU
		{E7A7EA4A-4A91-4370-8E52-02DE9D8520EC}.Debug|x86.ActiveCfg = Debug|Any CPU
		{E7A7EA4A-4A91-4370-8E52-02DE9D8520EC}.Debug|x86.Build.0 = Debug|Any CPU
		{E7A7EA4A-4A91-4370-8E52-02DE9D8520EC}.Release|Any CPU.ActiveCfg = Release|Any CPU
		{E7A7EA4A-4A91-4370-8E52-02DE9D8520EC}.Release|Any CPU.Build.0 = Release|Any CPU
		{E7A7EA4A-4A91-4370-8E52-02DE9D8520EC}.Release|x64.ActiveCfg = Release|Any CPU
		{E7A7EA4A-4A91-4370-8E52-02DE9D8520EC}.Release|x64.Build.0 = Release|Any CPU
		{E7A7EA4A-4A91-4370-8E52-02DE9D8520EC}.Release|x86.ActiveCfg = Release|Any CPU
		{E7A7EA4A-4A91-4370-8E52-02DE9D8520EC}.Release|x86.Build.0 = Release|Any CPU
		{9CB9E327-9161-4A89-B98B-06A89C022298}.Debug|Any CPU.ActiveCfg = Debug|Any CPU
		{9CB9E327-9161-4A89-B98B-06A89C022298}.Debug|Any CPU.Build.0 = Debug|Any CPU
		{9CB9E327-9161-4A89-B98B-06A89C022298}.Debug|x64.ActiveCfg = Debug|Any CPU
		{9CB9E327-9161-4A89-B98B-06A89C022298}.Debug|x64.Build.0 = Debug|Any CPU
		{9CB9E327-9161-4A89-B98B-06A89C022298}.Debug|x86.ActiveCfg = Debug|Any CPU
		{9CB9E327-9161-4A89-B98B-06A89C022298}.Debug|x86.Build.0 = Debug|Any CPU
		{9CB9E327-9161-4A89-B98B-06A89C022298}.Release|Any CPU.ActiveCfg = Release|Any CPU
		{9CB9E327-9161-4A89-B98B-06A89C022298}.Release|Any CPU.Build.0 = Release|Any CPU
		{9CB9E327-9161-4A89-B98B-06A89C022298}.Release|x64.ActiveCfg = Release|Any CPU
		{9CB9E327-9161-4A89-B98B-06A89C022298}.Release|x64.Build.0 = Release|Any CPU
		{9CB9E327-9161-4A89-B98B-06A89C022298}.Release|x86.ActiveCfg = Release|Any CPU
		{9CB9E327-9161-4A89-B98B-06A89C022298}.Release|x86.Build.0 = Release|Any CPU
		{F23E6B18-8A65-4434-A1B7-490DB91F902E}.Debug|Any CPU.ActiveCfg = Debug|Any CPU
		{F23E6B18-8A65-4434-A1B7-490DB91F902E}.Debug|Any CPU.Build.0 = Debug|Any CPU
		{F23E6B18-8A65-4434-A1B7-490DB91F902E}.Debug|x64.ActiveCfg = Debug|Any CPU
		{F23E6B18-8A65-4434-A1B7-490DB91F902E}.Debug|x64.Build.0 = Debug|Any CPU
		{F23E6B18-8A65-4434-A1B7-490DB91F902E}.Debug|x86.ActiveCfg = Debug|Any CPU
		{F23E6B18-8A65-4434-A1B7-490DB91F902E}.Debug|x86.Build.0 = Debug|Any CPU
		{F23E6B18-8A65-4434-A1B7-490DB91F902E}.Release|Any CPU.ActiveCfg = Release|Any CPU
		{F23E6B18-8A65-4434-A1B7-490DB91F902E}.Release|Any CPU.Build.0 = Release|Any CPU
		{F23E6B18-8A65-4434-A1B7-490DB91F902E}.Release|x64.ActiveCfg = Release|Any CPU
		{F23E6B18-8A65-4434-A1B7-490DB91F902E}.Release|x64.Build.0 = Release|Any CPU
		{F23E6B18-8A65-4434-A1B7-490DB91F902E}.Release|x86.ActiveCfg = Release|Any CPU
		{F23E6B18-8A65-4434-A1B7-490DB91F902E}.Release|x86.Build.0 = Release|Any CPU
	EndGlobalSection
	GlobalSection(SolutionProperties) = preSolution
		HideSolutionNode = FALSE
	EndGlobalSection
	GlobalSection(NestedProjects) = preSolution
		{688BFE23-AACF-4762-9AAA-A9592E5D726E} = {827E0CD3-B72D-47B6-A68D-7590B98EB39B}
		{FBE6766B-F8BE-437E-9469-2E1F4FB0C508} = {827E0CD3-B72D-47B6-A68D-7590B98EB39B}
		{E7A7EA4A-4A91-4370-8E52-02DE9D8520EC} = {0AB3BF05-4346-4AA6-1389-037BE0695223}
		{9CB9E327-9161-4A89-B98B-06A89C022298} = {827E0CD3-B72D-47B6-A68D-7590B98EB39B}
		{F23E6B18-8A65-4434-A1B7-490DB91F902E} = {0AB3BF05-4346-4AA6-1389-037BE0695223}
	EndGlobalSection
EndGlobal
